// !$*UTF8*$!
{
	archiveVersion = 1;
	classes = {
	};
	objectVersion = 50;
	objects = {

/* Begin PBXBuildFile section */
		1292D5F2211943840051B2E1 /* AppDelegate.m in Sources */ = {isa = PBXBuildFile; fileRef = 1292D5F1211943840051B2E1 /* AppDelegate.m */; };
		1292D5F4211943860051B2E1 /* Assets.xcassets in Resources */ = {isa = PBXBuildFile; fileRef = 1292D5F3211943860051B2E1 /* Assets.xcassets */; };
		1292D5F7211943860051B2E1 /* MainMenu.xib in Resources */ = {isa = PBXBuildFile; fileRef = 1292D5F5211943860051B2E1 /* MainMenu.xib */; };
		1292D5FA211943860051B2E1 /* main.m in Sources */ = {isa = PBXBuildFile; fileRef = 1292D5F9211943860051B2E1 /* main.m */; };
		1292D602211943FA0051B2E1 /* MainWindowViewController.m in Sources */ = {isa = PBXBuildFile; fileRef = 1292D601211943FA0051B2E1 /* MainWindowViewController.m */; };
		12C67BDE20F7383B0058394A /* AppDelegate.m in Sources */ = {isa = PBXBuildFile; fileRef = 12C67BDD20F7383B0058394A /* AppDelegate.m */; };
		12C67BE120F7383B0058394A /* ViewController.m in Sources */ = {isa = PBXBuildFile; fileRef = 12C67BE020F7383B0058394A /* ViewController.m */; };
		12C67BE420F7383B0058394A /* Main.storyboard in Resources */ = {isa = PBXBuildFile; fileRef = 12C67BE220F7383B0058394A /* Main.storyboard */; };
		12C67BE620F7383E0058394A /* Assets.xcassets in Resources */ = {isa = PBXBuildFile; fileRef = 12C67BE520F7383E0058394A /* Assets.xcassets */; };
		12C67BE920F7383E0058394A /* LaunchScreen.storyboard in Resources */ = {isa = PBXBuildFile; fileRef = 12C67BE720F7383E0058394A /* LaunchScreen.storyboard */; };
		12C67BEC20F7383E0058394A /* main.m in Sources */ = {isa = PBXBuildFile; fileRef = 12C67BEB20F7383E0058394A /* main.m */; };
		2DE533D5EC1FA272C38416C6 /* libPods-CapriHXTool.a in Frameworks */ = {isa = PBXBuildFile; fileRef = 221ADCB3F80801212791D8FA /* libPods-CapriHXTool.a */; };
/* End PBXBuildFile section */

/* Begin PBXFileReference section */
		1292D5EE211943840051B2E1 /* DSYMTools.app */ = {isa = PBXFileReference; explicitFileType = wrapper.application; includeInIndex = 0; path = DSYMTools.app; sourceTree = BUILT_PRODUCTS_DIR; };
		1292D5F0211943840051B2E1 /* AppDelegate.h */ = {isa = PBXFileReference; lastKnownFileType = sourcecode.c.h; path = AppDelegate.h; sourceTree = "<group>"; };
		1292D5F1211943840051B2E1 /* AppDelegate.m */ = {isa = PBXFileReference; lastKnownFileType = sourcecode.c.objc; path = AppDelegate.m; sourceTree = "<group>"; };
		1292D5F3211943860051B2E1 /* Assets.xcassets */ = {isa = PBXFileReference; lastKnownFileType = folder.assetcatalog; path = Assets.xcassets; sourceTree = "<group>"; };
		1292D5F6211943860051B2E1 /* Base */ = {isa = PBXFileReference; lastKnownFileType = file.xib; name = Base; path = Base.lproj/MainMenu.xib; sourceTree = "<group>"; };
		1292D5F8211943860051B2E1 /* Info.plist */ = {isa = PBXFileReference; lastKnownFileType = text.plist.xml; path = Info.plist; sourceTree = "<group>"; };
		1292D5F9211943860051B2E1 /* main.m */ = {isa = PBXFileReference; lastKnownFileType = sourcecode.c.objc; path = main.m; sourceTree = "<group>"; };
		1292D5FB211943860051B2E1 /* DSYMTools.entitlements */ = {isa = PBXFileReference; lastKnownFileType = text.plist.entitlements; path = DSYMTools.entitlements; sourceTree = "<group>"; };
		1292D600211943FA0051B2E1 /* MainWindowViewController.h */ = {isa = PBXFileReference; lastKnownFileType = sourcecode.c.h; path = MainWindowViewController.h; sourceTree = "<group>"; };
		1292D601211943FA0051B2E1 /* MainWindowViewController.m */ = {isa = PBXFileReference; lastKnownFileType = sourcecode.c.objc; path = MainWindowViewController.m; sourceTree = "<group>"; };
		12C67BD920F7383B0058394A /* CapriHXTool.app */ = {isa = PBXFileReference; explicitFileType = wrapper.application; includeInIndex = 0; path = CapriHXTool.app; sourceTree = BUILT_PRODUCTS_DIR; };
		12C67BDC20F7383B0058394A /* AppDelegate.h */ = {isa = PBXFileReference; lastKnownFileType = sourcecode.c.h; path = AppDelegate.h; sourceTree = "<group>"; };
		12C67BDD20F7383B0058394A /* AppDelegate.m */ = {isa = PBXFileReference; lastKnownFileType = sourcecode.c.objc; path = AppDelegate.m; sourceTree = "<group>"; };
		12C67BDF20F7383B0058394A /* ViewController.h */ = {isa = PBXFileReference; lastKnownFileType = sourcecode.c.h; path = ViewController.h; sourceTree = "<group>"; };
		12C67BE020F7383B0058394A /* ViewController.m */ = {isa = PBXFileReference; lastKnownFileType = sourcecode.c.objc; path = ViewController.m; sourceTree = "<group>"; };
		12C67BE320F7383B0058394A /* Base */ = {isa = PBXFileReference; lastKnownFileType = file.storyboard; name = Base; path = Base.lproj/Main.storyboard; sourceTree = "<group>"; };
		12C67BE520F7383E0058394A /* Assets.xcassets */ = {isa = PBXFileReference; lastKnownFileType = folder.assetcatalog; path = Assets.xcassets; sourceTree = "<group>"; };
		12C67BE820F7383E0058394A /* Base */ = {isa = PBXFileReference; lastKnownFileType = file.storyboard; name = Base; path = Base.lproj/LaunchScreen.storyboard; sourceTree = "<group>"; };
		12C67BEA20F7383E0058394A /* Info.plist */ = {isa = PBXFileReference; lastKnownFileType = text.plist.xml; path = Info.plist; sourceTree = "<group>"; };
		12C67BEB20F7383E0058394A /* main.m */ = {isa = PBXFileReference; lastKnownFileType = sourcecode.c.objc; path = main.m; sourceTree = "<group>"; };
		17F6327735E5235E38C13B28 /* Pods-CapriHXTool.debug.xcconfig */ = {isa = PBXFileReference; includeInIndex = 1; lastKnownFileType = text.xcconfig; name = "Pods-CapriHXTool.debug.xcconfig"; path = "Pods/Target Support Files/Pods-CapriHXTool/Pods-CapriHXTool.debug.xcconfig"; sourceTree = "<group>"; };
		221ADCB3F80801212791D8FA /* libPods-CapriHXTool.a */ = {isa = PBXFileReference; explicitFileType = archive.ar; includeInIndex = 0; path = "libPods-CapriHXTool.a"; sourceTree = BUILT_PRODUCTS_DIR; };
		E92B21BFD467EF64A0851E5B /* Pods-CapriHXTool.release.xcconfig */ = {isa = PBXFileReference; includeInIndex = 1; lastKnownFileType = text.xcconfig; name = "Pods-CapriHXTool.release.xcconfig"; path = "Pods/Target Support Files/Pods-CapriHXTool/Pods-CapriHXTool.release.xcconfig"; sourceTree = "<group>"; };
/* End PBXFileReference section */

/* Begin PBXFrameworksBuildPhase section */
		1292D5EB211943840051B2E1 /* Frameworks */ = {
			isa = PBXFrameworksBuildPhase;
			buildActionMask = 2147483647;
			files = (
			);
			runOnlyForDeploymentPostprocessing = 0;
		};
		12C67BD620F7383B0058394A /* Frameworks */ = {
			isa = PBXFrameworksBuildPhase;
			buildActionMask = 2147483647;
			files = (
				2DE533D5EC1FA272C38416C6 /* libPods-CapriHXTool.a in Frameworks */,
			);
			runOnlyForDeploymentPostprocessing = 0;
		};
/* End PBXFrameworksBuildPhase section */

/* Begin PBXGroup section */
		1292D5EF211943840051B2E1 /* DSYMTools */ = {
			isa = PBXGroup;
			children = (
				1292D5FF211943E30051B2E1 /* Controller */,
				1292D5F0211943840051B2E1 /* AppDelegate.h */,
				1292D5F1211943840051B2E1 /* AppDelegate.m */,
				1292D5F3211943860051B2E1 /* Assets.xcassets */,
				1292D5F5211943860051B2E1 /* MainMenu.xib */,
				1292D5F8211943860051B2E1 /* Info.plist */,
				1292D5F9211943860051B2E1 /* main.m */,
				1292D5FB211943860051B2E1 /* DSYMTools.entitlements */,
			);
			path = DSYMTools;
			sourceTree = "<group>";
		};
		1292D5FF211943E30051B2E1 /* Controller */ = {
			isa = PBXGroup;
			children = (
				1292D600211943FA0051B2E1 /* MainWindowViewController.h */,
				1292D601211943FA0051B2E1 /* MainWindowViewController.m */,
			);
			path = Controller;
			sourceTree = "<group>";
		};
		12C67BD020F7383B0058394A = {
			isa = PBXGroup;
			children = (
				12C67BDB20F7383B0058394A /* CapriHXTool */,
				1292D5EF211943840051B2E1 /* DSYMTools */,
				12C67BDA20F7383B0058394A /* Products */,
				DA98F9E8C0CFADBC673A2795 /* Pods */,
				EAEFF781A8A79FC61E1B3FA8 /* Frameworks */,
			);
			sourceTree = "<group>";
		};
		12C67BDA20F7383B0058394A /* Products */ = {
			isa = PBXGroup;
			children = (
				12C67BD920F7383B0058394A /* CapriHXTool.app */,
				1292D5EE211943840051B2E1 /* DSYMTools.app */,
			);
			name = Products;
			sourceTree = "<group>";
		};
		12C67BDB20F7383B0058394A /* CapriHXTool */ = {
			isa = PBXGroup;
			children = (
				12C67BDC20F7383B0058394A /* AppDelegate.h */,
				12C67BDD20F7383B0058394A /* AppDelegate.m */,
				12C67BDF20F7383B0058394A /* ViewController.h */,
				12C67BE020F7383B0058394A /* ViewController.m */,
				12C67BE220F7383B0058394A /* Main.storyboard */,
				12C67BE520F7383E0058394A /* Assets.xcassets */,
				12C67BE720F7383E0058394A /* LaunchScreen.storyboard */,
				12C67BEA20F7383E0058394A /* Info.plist */,
				12C67BEB20F7383E0058394A /* main.m */,
			);
			path = CapriHXTool;
			sourceTree = "<group>";
		};
		DA98F9E8C0CFADBC673A2795 /* Pods */ = {
			isa = PBXGroup;
			children = (
				17F6327735E5235E38C13B28 /* Pods-CapriHXTool.debug.xcconfig */,
				E92B21BFD467EF64A0851E5B /* Pods-CapriHXTool.release.xcconfig */,
			);
			name = Pods;
			sourceTree = "<group>";
		};
		EAEFF781A8A79FC61E1B3FA8 /* Frameworks */ = {
			isa = PBXGroup;
			children = (
				221ADCB3F80801212791D8FA /* libPods-CapriHXTool.a */,
			);
			name = Frameworks;
			sourceTree = "<group>";
		};
/* End PBXGroup section */

/* Begin PBXNativeTarget section */
		1292D5ED211943840051B2E1 /* DSYMTools */ = {
			isa = PBXNativeTarget;
			buildConfigurationList = 1292D5FE211943860051B2E1 /* Build configuration list for PBXNativeTarget "DSYMTools" */;
			buildPhases = (
				1292D5EA211943840051B2E1 /* Sources */,
				1292D5EB211943840051B2E1 /* Frameworks */,
				1292D5EC211943840051B2E1 /* Resources */,
			);
			buildRules = (
			);
			dependencies = (
			);
			name = DSYMTools;
			productName = DSYMTools;
			productReference = 1292D5EE211943840051B2E1 /* DSYMTools.app */;
			productType = "com.apple.product-type.application";
		};
		12C67BD820F7383B0058394A /* CapriHXTool */ = {
			isa = PBXNativeTarget;
			buildConfigurationList = 12C67BEF20F7383E0058394A /* Build configuration list for PBXNativeTarget "CapriHXTool" */;
			buildPhases = (
				4512367D9C6B0CA1F8C07A9F /* [CP] Check Pods Manifest.lock */,
				12C67BD520F7383B0058394A /* Sources */,
				12C67BD620F7383B0058394A /* Frameworks */,
				12C67BD720F7383B0058394A /* Resources */,
				5D0B2587031069D7F1F2E826 /* [CP] Embed Pods Frameworks */,
				227205EC608F402CC0256FFF /* [CP] Copy Pods Resources */,
			);
			buildRules = (
			);
			dependencies = (
			);
			name = CapriHXTool;
			productName = CapriHXTool;
			productReference = 12C67BD920F7383B0058394A /* CapriHXTool.app */;
			productType = "com.apple.product-type.application";
		};
/* End PBXNativeTarget section */

/* Begin PBXProject section */
		12C67BD120F7383B0058394A /* Project object */ = {
			isa = PBXProject;
			attributes = {
				LastUpgradeCheck = 0940;
				ORGANIZATIONNAME = Capris;
				TargetAttributes = {
					1292D5ED211943840051B2E1 = {
						CreatedOnToolsVersion = 9.4.1;
					};
					12C67BD820F7383B0058394A = {
						CreatedOnToolsVersion = 9.4.1;
					};
				};
			};
			buildConfigurationList = 12C67BD420F7383B0058394A /* Build configuration list for PBXProject "CapriHXTool" */;
			compatibilityVersion = "Xcode 9.3";
			developmentRegion = en;
			hasScannedForEncodings = 0;
			knownRegions = (
				en,
				Base,
			);
			mainGroup = 12C67BD020F7383B0058394A;
			productRefGroup = 12C67BDA20F7383B0058394A /* Products */;
			projectDirPath = "";
			projectRoot = "";
			targets = (
				12C67BD820F7383B0058394A /* CapriHXTool */,
				1292D5ED211943840051B2E1 /* DSYMTools */,
			);
		};
/* End PBXProject section */

/* Begin PBXResourcesBuildPhase section */
		1292D5EC211943840051B2E1 /* Resources */ = {
			isa = PBXResourcesBuildPhase;
			buildActionMask = 2147483647;
			files = (
				1292D5F4211943860051B2E1 /* Assets.xcassets in Resources */,
				1292D5F7211943860051B2E1 /* MainMenu.xib in Resources */,
			);
			runOnlyForDeploymentPostprocessing = 0;
		};
		12C67BD720F7383B0058394A /* Resources */ = {
			isa = PBXResourcesBuildPhase;
			buildActionMask = 2147483647;
			files = (
				12C67BE920F7383E0058394A /* LaunchScreen.storyboard in Resources */,
				12C67BE620F7383E0058394A /* Assets.xcassets in Resources */,
				12C67BE420F7383B0058394A /* Main.storyboard in Resources */,
			);
			runOnlyForDeploymentPostprocessing = 0;
		};
/* End PBXResourcesBuildPhase section */

/* Begin PBXShellScriptBuildPhase section */
		227205EC608F402CC0256FFF /* [CP] Copy Pods Resources */ = {
			isa = PBXShellScriptBuildPhase;
			buildActionMask = 2147483647;
			files = (
			);
			inputPaths = (
				"${SRCROOT}/Pods/Target Support Files/Pods-CapriHXTool/Pods-CapriHXTool-resources.sh",
				"${PODS_ROOT}/AMap3DMap/MAMapKit.framework/AMap.bundle",
				"${PODS_ROOT}/HXBusinessLogin/HXBusinessLogin/Assets/bg_dl@2x.png",
				"${PODS_ROOT}/HXBusinessLogin/HXBusinessLogin/Assets/bg_dl@3x.png",
				"${PODS_ROOT}/HXBusinessLogin/HXBusinessLogin/Assets/haarcascade_eye_tree_eyeglasses.xml",
				"${PODS_ROOT}/HXBusinessLogin/HXBusinessLogin/Assets/haarcascade_frontalface_alt2.xml",
				"${PODS_ROOT}/HXBusinessLogin/HXBusinessLogin/Assets/login_bg@2x.png",
				"${PODS_ROOT}/HXBusinessLogin/HXBusinessLogin/Assets/login_bg@3x.png",
				"${PODS_ROOT}/HXBusinessLogin/HXBusinessLogin/Assets/login_bianma@2x.png",
				"${PODS_ROOT}/HXBusinessLogin/HXBusinessLogin/Assets/login_bianma@3x.png",
				"${PODS_ROOT}/HXBusinessLogin/HXBusinessLogin/Assets/login_hxqcicon@2x.png",
				"${PODS_ROOT}/HXBusinessLogin/HXBusinessLogin/Assets/login_hxqcicon@3x.png",
				"${PODS_ROOT}/HXBusinessLogin/HXBusinessLogin/Assets/login_input-box@2x.png",
				"${PODS_ROOT}/HXBusinessLogin/HXBusinessLogin/Assets/login_input-box@3x.png",
				"${PODS_ROOT}/HXBusinessLogin/HXBusinessLogin/Assets/login_login-box@2x.png",
				"${PODS_ROOT}/HXBusinessLogin/HXBusinessLogin/Assets/login_login-box@3x.png",
				"${PODS_ROOT}/HXBusinessLogin/HXBusinessLogin/Assets/login_logo@2x.png",
				"${PODS_ROOT}/HXBusinessLogin/HXBusinessLogin/Assets/login_logo@3x.png",
				"${PODS_ROOT}/HXBusinessLogin/HXBusinessLogin/Assets/password@2x.png",
				"${PODS_ROOT}/HXBusinessLogin/HXBusinessLogin/Assets/password@3x.png",
				"${PODS_ROOT}/HXBusinessLogin/HXBusinessLogin/Assets/rn_close_eye@2x.png",
				"${PODS_ROOT}/HXBusinessLogin/HXBusinessLogin/Assets/rn_close_eye@3x.png",
				"${PODS_ROOT}/HXBusinessLogin/HXBusinessLogin/Assets/rn_open_eye@2x.png",
				"${PODS_ROOT}/HXBusinessLogin/HXBusinessLogin/Assets/rn_open_eye@3x.png",
				"${PODS_ROOT}/HXBusinessLogin/HXBusinessLogin/Assets/rn_rate_color@2x.png",
				"${PODS_ROOT}/HXBusinessLogin/HXBusinessLogin/Assets/rn_rate_color@3x.png",
				"${PODS_ROOT}/HXBusinessLogin/HXBusinessLogin/Assets/rn_rate_gray@2x.png",
				"${PODS_ROOT}/HXBusinessLogin/HXBusinessLogin/Assets/rn_rate_gray@3x.png",
				"${PODS_ROOT}/HXBusinessLogin/HXBusinessLogin/Assets/rn_success@2x.png",
				"${PODS_ROOT}/HXBusinessLogin/HXBusinessLogin/Assets/rn_success@3x.png",
				"${PODS_ROOT}/HXBusinessLogin/HXBusinessLogin/Assets/user@2x.png",
				"${PODS_ROOT}/HXBusinessLogin/HXBusinessLogin/Assets/user@3x.png",
				"${PODS_CONFIGURATION_BUILD_DIR}/HXCommonComponents/HXCommonComponents.bundle",
				"${PODS_CONFIGURATION_BUILD_DIR}/HXLiveStream/HXLiveStream.bundle",
				"${PODS_ROOT}/HXRequest/HXRequest/Classes/HXQC.xcdatamodel",
				"${PODS_CONFIGURATION_BUILD_DIR}/HXSocialShare/HXSocialShare.bundle",
				"${PODS_CONFIGURATION_BUILD_DIR}/HXWebView/HXBusinessWebSource.bundle",
				"${PODS_ROOT}/JSPatch/JSPatch/JSPatch.js",
				"${PODS_ROOT}/MJRefresh/MJRefresh/MJRefresh.bundle",
			);
			name = "[CP] Copy Pods Resources";
			outputPaths = (
				"${TARGET_BUILD_DIR}/${UNLOCALIZED_RESOURCES_FOLDER_PATH}/AMap.bundle",
				"${TARGET_BUILD_DIR}/${UNLOCALIZED_RESOURCES_FOLDER_PATH}/bg_dl@2x.png",
				"${TARGET_BUILD_DIR}/${UNLOCALIZED_RESOURCES_FOLDER_PATH}/bg_dl@3x.png",
				"${TARGET_BUILD_DIR}/${UNLOCALIZED_RESOURCES_FOLDER_PATH}/haarcascade_eye_tree_eyeglasses.xml",
				"${TARGET_BUILD_DIR}/${UNLOCALIZED_RESOURCES_FOLDER_PATH}/haarcascade_frontalface_alt2.xml",
				"${TARGET_BUILD_DIR}/${UNLOCALIZED_RESOURCES_FOLDER_PATH}/login_bg@2x.png",
				"${TARGET_BUILD_DIR}/${UNLOCALIZED_RESOURCES_FOLDER_PATH}/login_bg@3x.png",
				"${TARGET_BUILD_DIR}/${UNLOCALIZED_RESOURCES_FOLDER_PATH}/login_bianma@2x.png",
				"${TARGET_BUILD_DIR}/${UNLOCALIZED_RESOURCES_FOLDER_PATH}/login_bianma@3x.png",
				"${TARGET_BUILD_DIR}/${UNLOCALIZED_RESOURCES_FOLDER_PATH}/login_hxqcicon@2x.png",
				"${TARGET_BUILD_DIR}/${UNLOCALIZED_RESOURCES_FOLDER_PATH}/login_hxqcicon@3x.png",
				"${TARGET_BUILD_DIR}/${UNLOCALIZED_RESOURCES_FOLDER_PATH}/login_input-box@2x.png",
				"${TARGET_BUILD_DIR}/${UNLOCALIZED_RESOURCES_FOLDER_PATH}/login_input-box@3x.png",
				"${TARGET_BUILD_DIR}/${UNLOCALIZED_RESOURCES_FOLDER_PATH}/login_login-box@2x.png",
				"${TARGET_BUILD_DIR}/${UNLOCALIZED_RESOURCES_FOLDER_PATH}/login_login-box@3x.png",
				"${TARGET_BUILD_DIR}/${UNLOCALIZED_RESOURCES_FOLDER_PATH}/login_logo@2x.png",
				"${TARGET_BUILD_DIR}/${UNLOCALIZED_RESOURCES_FOLDER_PATH}/login_logo@3x.png",
				"${TARGET_BUILD_DIR}/${UNLOCALIZED_RESOURCES_FOLDER_PATH}/password@2x.png",
				"${TARGET_BUILD_DIR}/${UNLOCALIZED_RESOURCES_FOLDER_PATH}/password@3x.png",
				"${TARGET_BUILD_DIR}/${UNLOCALIZED_RESOURCES_FOLDER_PATH}/rn_close_eye@2x.png",
				"${TARGET_BUILD_DIR}/${UNLOCALIZED_RESOURCES_FOLDER_PATH}/rn_close_eye@3x.png",
				"${TARGET_BUILD_DIR}/${UNLOCALIZED_RESOURCES_FOLDER_PATH}/rn_open_eye@2x.png",
				"${TARGET_BUILD_DIR}/${UNLOCALIZED_RESOURCES_FOLDER_PATH}/rn_open_eye@3x.png",
				"${TARGET_BUILD_DIR}/${UNLOCALIZED_RESOURCES_FOLDER_PATH}/rn_rate_color@2x.png",
				"${TARGET_BUILD_DIR}/${UNLOCALIZED_RESOURCES_FOLDER_PATH}/rn_rate_color@3x.png",
				"${TARGET_BUILD_DIR}/${UNLOCALIZED_RESOURCES_FOLDER_PATH}/rn_rate_gray@2x.png",
				"${TARGET_BUILD_DIR}/${UNLOCALIZED_RESOURCES_FOLDER_PATH}/rn_rate_gray@3x.png",
				"${TARGET_BUILD_DIR}/${UNLOCALIZED_RESOURCES_FOLDER_PATH}/rn_success@2x.png",
				"${TARGET_BUILD_DIR}/${UNLOCALIZED_RESOURCES_FOLDER_PATH}/rn_success@3x.png",
				"${TARGET_BUILD_DIR}/${UNLOCALIZED_RESOURCES_FOLDER_PATH}/user@2x.png",
				"${TARGET_BUILD_DIR}/${UNLOCALIZED_RESOURCES_FOLDER_PATH}/user@3x.png",
				"${TARGET_BUILD_DIR}/${UNLOCALIZED_RESOURCES_FOLDER_PATH}/HXCommonComponents.bundle",
				"${TARGET_BUILD_DIR}/${UNLOCALIZED_RESOURCES_FOLDER_PATH}/HXLiveStream.bundle",
				"${TARGET_BUILD_DIR}/${UNLOCALIZED_RESOURCES_FOLDER_PATH}/HXQC.mom",
				"${TARGET_BUILD_DIR}/${UNLOCALIZED_RESOURCES_FOLDER_PATH}/HXSocialShare.bundle",
				"${TARGET_BUILD_DIR}/${UNLOCALIZED_RESOURCES_FOLDER_PATH}/HXBusinessWebSource.bundle",
				"${TARGET_BUILD_DIR}/${UNLOCALIZED_RESOURCES_FOLDER_PATH}/JSPatch.js",
				"${TARGET_BUILD_DIR}/${UNLOCALIZED_RESOURCES_FOLDER_PATH}/MJRefresh.bundle",
			);
			runOnlyForDeploymentPostprocessing = 0;
			shellPath = /bin/sh;
			shellScript = "\"${SRCROOT}/Pods/Target Support Files/Pods-CapriHXTool/Pods-CapriHXTool-resources.sh\"\n";
			showEnvVarsInLog = 0;
		};
		4512367D9C6B0CA1F8C07A9F /* [CP] Check Pods Manifest.lock */ = {
			isa = PBXShellScriptBuildPhase;
			buildActionMask = 2147483647;
			files = (
			);
			inputPaths = (
				"${PODS_PODFILE_DIR_PATH}/Podfile.lock",
				"${PODS_ROOT}/Manifest.lock",
			);
			name = "[CP] Check Pods Manifest.lock";
			outputPaths = (
				"$(DERIVED_FILE_DIR)/Pods-CapriHXTool-checkManifestLockResult.txt",
			);
			runOnlyForDeploymentPostprocessing = 0;
			shellPath = /bin/sh;
			shellScript = "diff \"${PODS_PODFILE_DIR_PATH}/Podfile.lock\" \"${PODS_ROOT}/Manifest.lock\" > /dev/null\nif [ $? != 0 ] ; then\n    # print error to STDERR\n    echo \"error: The sandbox is not in sync with the Podfile.lock. Run 'pod install' or update your CocoaPods installation.\" >&2\n    exit 1\nfi\n# This output is used by Xcode 'outputs' to avoid re-running this script phase.\necho \"SUCCESS\" > \"${SCRIPT_OUTPUT_FILE_0}\"\n";
			showEnvVarsInLog = 0;
		};
		5D0B2587031069D7F1F2E826 /* [CP] Embed Pods Frameworks */ = {
			isa = PBXShellScriptBuildPhase;
			buildActionMask = 2147483647;
			files = (
			);
			inputPaths = (
				"${SRCROOT}/Pods/Target Support Files/Pods-CapriHXTool/Pods-CapriHXTool-frameworks.sh",
				"${PODS_ROOT}/Masonry/HXFrameworks/0.6.4/Masonry.framework",
				"${PODS_ROOT}/Masonry/HXFrameworks/0.6.4/Masonry.framework.dSYM",
				"${PODS_ROOT}/SWDropdownAlertView/Carthage/Build/iOS/SWDropdownAlertView.framework",
				"${PODS_ROOT}/SWDropdownAlertView/Carthage/Build/iOS/SWDropdownAlertView.framework.dSYM",
			);
			name = "[CP] Embed Pods Frameworks";
			outputPaths = (
				"${TARGET_BUILD_DIR}/${FRAMEWORKS_FOLDER_PATH}/Masonry.framework",
				"${DWARF_DSYM_FOLDER_PATH}/Masonry.framework.dSYM",
				"${TARGET_BUILD_DIR}/${FRAMEWORKS_FOLDER_PATH}/SWDropdownAlertView.framework",
				"${DWARF_DSYM_FOLDER_PATH}/SWDropdownAlertView.framework.dSYM",
			);
			runOnlyForDeploymentPostprocessing = 0;
			shellPath = /bin/sh;
			shellScript = "\"${SRCROOT}/Pods/Target Support Files/Pods-CapriHXTool/Pods-CapriHXTool-frameworks.sh\"\n";
			showEnvVarsInLog = 0;
		};
/* End PBXShellScriptBuildPhase section */

/* Begin PBXSourcesBuildPhase section */
		1292D5EA211943840051B2E1 /* Sources */ = {
			isa = PBXSourcesBuildPhase;
			buildActionMask = 2147483647;
			files = (
				1292D602211943FA0051B2E1 /* MainWindowViewController.m in Sources */,
				1292D5FA211943860051B2E1 /* main.m in Sources */,
				1292D5F2211943840051B2E1 /* AppDelegate.m in Sources */,
			);
			runOnlyForDeploymentPostprocessing = 0;
		};
		12C67BD520F7383B0058394A /* Sources */ = {
			isa = PBXSourcesBuildPhase;
			buildActionMask = 2147483647;
			files = (
				12C67BE120F7383B0058394A /* ViewController.m in Sources */,
				12C67BEC20F7383E0058394A /* main.m in Sources */,
				12C67BDE20F7383B0058394A /* AppDelegate.m in Sources */,
			);
			runOnlyForDeploymentPostprocessing = 0;
		};
/* End PBXSourcesBuildPhase section */

/* Begin PBXVariantGroup section */
		1292D5F5211943860051B2E1 /* MainMenu.xib */ = {
			isa = PBXVariantGroup;
			children = (
				1292D5F6211943860051B2E1 /* Base */,
			);
			name = MainMenu.xib;
			sourceTree = "<group>";
		};
		12C67BE220F7383B0058394A /* Main.storyboard */ = {
			isa = PBXVariantGroup;
			children = (
				12C67BE320F7383B0058394A /* Base */,
			);
			name = Main.storyboard;
			sourceTree = "<group>";
		};
		12C67BE720F7383E0058394A /* LaunchScreen.storyboard */ = {
			isa = PBXVariantGroup;
			children = (
				12C67BE820F7383E0058394A /* Base */,
			);
			name = LaunchScreen.storyboard;
			sourceTree = "<group>";
		};
/* End PBXVariantGroup section */

/* Begin XCBuildConfiguration section */
		1292D5FC211943860051B2E1 /* Debug */ = {
			isa = XCBuildConfiguration;
			buildSettings = {
				ASSETCATALOG_COMPILER_APPICON_NAME = AppIcon;
				CODE_SIGN_ENTITLEMENTS = DSYMTools/DSYMTools.entitlements;
				CODE_SIGN_IDENTITY = "Mac Developer";
				CODE_SIGN_STYLE = Automatic;
				COMBINE_HIDPI_IMAGES = YES;
				DEVELOPMENT_TEAM = VDYKR66KN4;
				INFOPLIST_FILE = DSYMTools/Info.plist;
				LD_RUNPATH_SEARCH_PATHS = (
					"$(inherited)",
					"@executable_path/../Frameworks",
				);
				MACOSX_DEPLOYMENT_TARGET = 10.6;
				PRODUCT_BUNDLE_IDENTIFIER = Capris.DSYMTools;
				PRODUCT_NAME = "$(TARGET_NAME)";
				SDKROOT = macosx;
			};
			name = Debug;
		};
		1292D5FD211943860051B2E1 /* Release */ = {
			isa = XCBuildConfiguration;
			buildSettings = {
				ASSETCATALOG_COMPILER_APPICON_NAME = AppIcon;
				CODE_SIGN_ENTITLEMENTS = DSYMTools/DSYMTools.entitlements;
				CODE_SIGN_IDENTITY = "Mac Developer";
				CODE_SIGN_STYLE = Automatic;
				COMBINE_HIDPI_IMAGES = YES;
				DEVELOPMENT_TEAM = VDYKR66KN4;
				INFOPLIST_FILE = DSYMTools/Info.plist;
				LD_RUNPATH_SEARCH_PATHS = (
					"$(inherited)",
					"@executable_path/../Frameworks",
				);
				MACOSX_DEPLOYMENT_TARGET = 10.6;
				PRODUCT_BUNDLE_IDENTIFIER = Capris.DSYMTools;
				PRODUCT_NAME = "$(TARGET_NAME)";
				SDKROOT = macosx;
			};
			name = Release;
		};
		12C67BED20F7383E0058394A /* Debug */ = {
			isa = XCBuildConfiguration;
			buildSettings = {
				ALWAYS_SEARCH_USER_PATHS = NO;
				CLANG_ANALYZER_NONNULL = YES;
				CLANG_ANALYZER_NUMBER_OBJECT_CONVERSION = YES_AGGRESSIVE;
				CLANG_CXX_LANGUAGE_STANDARD = "gnu++14";
				CLANG_CXX_LIBRARY = "libc++";
				CLANG_ENABLE_MODULES = YES;
				CLANG_ENABLE_OBJC_ARC = YES;
				CLANG_ENABLE_OBJC_WEAK = YES;
				CLANG_WARN_BLOCK_CAPTURE_AUTORELEASING = YES;
				CLANG_WARN_BOOL_CONVERSION = YES;
				CLANG_WARN_COMMA = YES;
				CLANG_WARN_CONSTANT_CONVERSION = YES;
				CLANG_WARN_DEPRECATED_OBJC_IMPLEMENTATIONS = YES;
				CLANG_WARN_DIRECT_OBJC_ISA_USAGE = YES_ERROR;
				CLANG_WARN_DOCUMENTATION_COMMENTS = YES;
				CLANG_WARN_EMPTY_BODY = YES;
				CLANG_WARN_ENUM_CONVERSION = YES;
				CLANG_WARN_INFINITE_RECURSION = YES;
				CLANG_WARN_INT_CONVERSION = YES;
				CLANG_WARN_NON_LITERAL_NULL_CONVERSION = YES;
				CLANG_WARN_OBJC_IMPLICIT_RETAIN_SELF = YES;
				CLANG_WARN_OBJC_LITERAL_CONVERSION = YES;
				CLANG_WARN_OBJC_ROOT_CLASS = YES_ERROR;
				CLANG_WARN_RANGE_LOOP_ANALYSIS = YES;
				CLANG_WARN_STRICT_PROTOTYPES = YES;
				CLANG_WARN_SUSPICIOUS_MOVE = YES;
				CLANG_WARN_UNGUARDED_AVAILABILITY = YES_AGGRESSIVE;
				CLANG_WARN_UNREACHABLE_CODE = YES;
				CLANG_WARN__DUPLICATE_METHOD_MATCH = YES;
				CODE_SIGN_IDENTITY = "iPhone Developer";
				COPY_PHASE_STRIP = NO;
				DEBUG_INFORMATION_FORMAT = dwarf;
				ENABLE_STRICT_OBJC_MSGSEND = YES;
				ENABLE_TESTABILITY = YES;
				GCC_C_LANGUAGE_STANDARD = gnu11;
				GCC_DYNAMIC_NO_PIC = NO;
				GCC_NO_COMMON_BLOCKS = YES;
				GCC_OPTIMIZATION_LEVEL = 0;
				GCC_PREPROCESSOR_DEFINITIONS = (
					"DEBUG=1",
					"$(inherited)",
				);
				GCC_WARN_64_TO_32_BIT_CONVERSION = YES;
				GCC_WARN_ABOUT_RETURN_TYPE = YES_ERROR;
				GCC_WARN_UNDECLARED_SELECTOR = YES;
				GCC_WARN_UNINITIALIZED_AUTOS = YES_AGGRESSIVE;
				GCC_WARN_UNUSED_FUNCTION = YES;
				GCC_WARN_UNUSED_VARIABLE = YES;
				IPHONEOS_DEPLOYMENT_TARGET = 11.4;
				MTL_ENABLE_DEBUG_INFO = YES;
				ONLY_ACTIVE_ARCH = YES;
				SDKROOT = iphoneos;
			};
			name = Debug;
		};
		12C67BEE20F7383E0058394A /* Release */ = {
			isa = XCBuildConfiguration;
			buildSettings = {
				ALWAYS_SEARCH_USER_PATHS = NO;
				CLANG_ANALYZER_NONNULL = YES;
				CLANG_ANALYZER_NUMBER_OBJECT_CONVERSION = YES_AGGRESSIVE;
				CLANG_CXX_LANGUAGE_STANDARD = "gnu++14";
				CLANG_CXX_LIBRARY = "libc++";
				CLANG_ENABLE_MODULES = YES;
				CLANG_ENABLE_OBJC_ARC = YES;
				CLANG_ENABLE_OBJC_WEAK = YES;
				CLANG_WARN_BLOCK_CAPTURE_AUTORELEASING = YES;
				CLANG_WARN_BOOL_CONVERSION = YES;
				CLANG_WARN_COMMA = YES;
				CLANG_WARN_CONSTANT_CONVERSION = YES;
				CLANG_WARN_DEPRECATED_OBJC_IMPLEMENTATIONS = YES;
				CLANG_WARN_DIRECT_OBJC_ISA_USAGE = YES_ERROR;
				CLANG_WARN_DOCUMENTATION_COMMENTS = YES;
				CLANG_WARN_EMPTY_BODY = YES;
				CLANG_WARN_ENUM_CONVERSION = YES;
				CLANG_WARN_INFINITE_RECURSION = YES;
				CLANG_WARN_INT_CONVERSION = YES;
				CLANG_WARN_NON_LITERAL_NULL_CONVERSION = YES;
				CLANG_WARN_OBJC_IMPLICIT_RETAIN_SELF = YES;
				CLANG_WARN_OBJC_LITERAL_CONVERSION = YES;
				CLANG_WARN_OBJC_ROOT_CLASS = YES_ERROR;
				CLANG_WARN_RANGE_LOOP_ANALYSIS = YES;
				CLANG_WARN_STRICT_PROTOTYPES = YES;
				CLANG_WARN_SUSPICIOUS_MOVE = YES;
				CLANG_WARN_UNGUARDED_AVAILABILITY = YES_AGGRESSIVE;
				CLANG_WARN_UNREACHABLE_CODE = YES;
				CLANG_WARN__DUPLICATE_METHOD_MATCH = YES;
				CODE_SIGN_IDENTITY = "iPhone Developer";
				COPY_PHASE_STRIP = NO;
				DEBUG_INFORMATION_FORMAT = "dwarf-with-dsym";
				ENABLE_NS_ASSERTIONS = NO;
				ENABLE_STRICT_OBJC_MSGSEND = YES;
				GCC_C_LANGUAGE_STANDARD = gnu11;
				GCC_NO_COMMON_BLOCKS = YES;
				GCC_WARN_64_TO_32_BIT_CONVERSION = YES;
				GCC_WARN_ABOUT_RETURN_TYPE = YES_ERROR;
				GCC_WARN_UNDECLARED_SELECTOR = YES;
				GCC_WARN_UNINITIALIZED_AUTOS = YES_AGGRESSIVE;
				GCC_WARN_UNUSED_FUNCTION = YES;
				GCC_WARN_UNUSED_VARIABLE = YES;
				IPHONEOS_DEPLOYMENT_TARGET = 11.4;
				MTL_ENABLE_DEBUG_INFO = NO;
				SDKROOT = iphoneos;
				VALIDATE_PRODUCT = YES;
			};
			name = Release;
		};
		12C67BF020F7383E0058394A /* Debug */ = {
			isa = XCBuildConfiguration;
			baseConfigurationReference = 17F6327735E5235E38C13B28 /* Pods-CapriHXTool.debug.xcconfig */;
			buildSettings = {
				ASSETCATALOG_COMPILER_APPICON_NAME = AppIcon;
				CODE_SIGN_STYLE = Automatic;
				DEVELOPMENT_TEAM = VDYKR66KN4;
				INFOPLIST_FILE = CapriHXTool/Info.plist;
				IPHONEOS_DEPLOYMENT_TARGET = 9.0;
				LD_RUNPATH_SEARCH_PATHS = (
					"$(inherited)",
					"@executable_path/Frameworks",
				);
				PRODUCT_BUNDLE_IDENTIFIER = Capris.CapriHXTool;
				PRODUCT_NAME = "$(TARGET_NAME)";
				TARGETED_DEVICE_FAMILY = "1,2";
			};
			name = Debug;
		};
		12C67BF120F7383E0058394A /* Release */ = {
			isa = XCBuildConfiguration;
			baseConfigurationReference = E92B21BFD467EF64A0851E5B /* Pods-CapriHXTool.release.xcconfig */;
			buildSettings = {
				ASSETCATALOG_COMPILER_APPICON_NAME = AppIcon;
				CODE_SIGN_STYLE = Automatic;
				DEVELOPMENT_TEAM = VDYKR66KN4;
				INFOPLIST_FILE = CapriHXTool/Info.plist;
				IPHONEOS_DEPLOYMENT_TARGET = 9.0;
				LD_RUNPATH_SEARCH_PATHS = (
					"$(inherited)",
					"@executable_path/Frameworks",
				);
				PRODUCT_BUNDLE_IDENTIFIER = Capris.CapriHXTool;
				PRODUCT_NAME = "$(TARGET_NAME)";
				TARGETED_DEVICE_FAMILY = "1,2";
			};
			name = Release;
		};
/* End XCBuildConfiguration section */

/* Begin XCConfigurationList section */
		1292D5FE211943860051B2E1 /* Build configuration list for PBXNativeTarget "DSYMTools" */ = {
			isa = XCConfigurationList;
			buildConfigurations = (
				1292D5FC211943860051B2E1 /* Debug */,
				1292D5FD211943860051B2E1 /* Release */,
			);
			defaultConfigurationIsVisible = 0;
			defaultConfigurationName = Release;
		};
		12C67BD420F7383B0058394A /* Build configuration list for PBXProject "CapriHXTool" */ = {
			isa = XCConfigurationList;
			buildConfigurations = (
				12C67BED20F7383E0058394A /* Debug */,
				12C67BEE20F7383E0058394A /* Release */,
			);
			defaultConfigurationIsVisible = 0;
			defaultConfigurationName = Release;
		};
		12C67BEF20F7383E0058394A /* Build configuration list for PBXNativeTarget "CapriHXTool" */ = {
			isa = XCConfigurationList;
			buildConfigurations = (
				12C67BF020F7383E0058394A /* Debug */,
				12C67BF120F7383E0058394A /* Release */,
			);
			defaultConfigurationIsVisible = 0;
			defaultConfigurationName = Release;
		};
/* End XCConfigurationList section */
	};
	rootObject = 12C67BD120F7383B0058394A /* Project object */;
}
